
Microsoft Visual Studio Solution File, Format Version 12.00
# Visual Studio Version 17
VisualStudioVersion = 17.11.35312.102
MinimumVisualStudioVersion = 10.0.40219.1
Project("{9A19103F-16F7-4668-BE54-9A1E7A4F7556}") = "SecurityIncidents.Core", "SecurityIncidents.Core\SecurityIncidents.Core.csproj", "{351481F2-32C5-4869-BFE4-64D6ED094A1E}"
EndProject
Project("{9A19103F-16F7-4668-BE54-9A1E7A4F7556}") = "SecurityIncidents.ConsoleApp", "SecurityIncidents.ConsoleApp\SecurityIncidents.ConsoleApp.csproj", "{427F30D2-B8D5-410F-A737-0DDA17C415E0}"
EndProject
Project("{FAE04EC0-301F-11D3-BF4B-00C04F79EFBC}") = "WinFormsApp1", "WinFormsApp1\WinFormsApp1.csproj", "{325B5777-A4E2-490F-B470-B3FB468153AF}"
EndProject
Global
	GlobalSection(SolutionConfigurationPlatforms) = preSolution
		Debug|Any CPU = Debug|Any CPU
		Release|Any CPU = Release|Any CPU
	EndGlobalSection
	GlobalSection(ProjectConfigurationPlatforms) = postSolution
		{351481F2-32C5-4869-BFE4-64D6ED094A1E}.Debug|Any CPU.ActiveCfg = Debug|Any CPU
		{351481F2-32C5-4869-BFE4-64D6ED094A1E}.Debug|Any CPU.Build.0 = Debug|Any CPU
		{351481F2-32C5-4869-BFE4-64D6ED094A1E}.Release|Any CPU.ActiveCfg = Release|Any CPU
		{351481F2-32C5-4869-BFE4-64D6ED094A1E}.Release|Any CPU.Build.0 = Release|Any CPU
		{427F30D2-B8D5-410F-A737-0DDA17C415E0}.Debug|Any CPU.ActiveCfg = Debug|Any CPU
		{427F30D2-B8D5-410F-A737-0DDA17C415E0}.Debug|Any CPU.Build.0 = Debug|Any CPU
		{427F30D2-B8D5-410F-A737-0DDA17C415E0}.Release|Any CPU.ActiveCfg = Release|Any CPU
		{427F30D2-B8D5-410F-A737-0DDA17C415E0}.Release|Any CPU.Build.0 = Release|Any CPU
		{325B5777-A4E2-490F-B470-B3FB468153AF}.Debug|Any CPU.ActiveCfg = Debug|Any CPU
		{325B5777-A4E2-490F-B470-B3FB468153AF}.Debug|Any CPU.Build.0 = Debug|Any CPU
		{325B5777-A4E2-490F-B470-B3FB468153AF}.Release|Any CPU.ActiveCfg = Release|Any CPU
		{325B5777-A4E2-490F-B470-B3FB468153AF}.Release|Any CPU.Build.0 = Release|Any CPU
	EndGlobalSection
	GlobalSection(SolutionProperties) = preSolution
		HideSolutionNode = FALSE
	EndGlobalSection
	GlobalSection(ExtensibilityGlobals) = postSolution
		SolutionGuid = {F5CCEBE3-2FCD-4402-8DB5-583D3CF00664}
	EndGlobalSection
EndGlobal
